
Microsoft Visual Studio Solution File, Format Version 12.00
# Visual Studio Version 16
VisualStudioVersion = 16.0.31205.134
MinimumVisualStudioVersion = 10.0.40219.1
Project("{9A19103F-16F7-4668-BE54-9A1E7A4F7556}") = "ADFS", "ADFS\ADFS.csproj", "{67C0407E-5092-4E1B-B0A6-593EF835846C}"
EndProject
Project("{FAE04EC0-301F-11D3-BF4B-00C04F79EFBC}") = "TestADFS", "TestADFS\TestADFS.csproj", "{5DEC5C12-B2CC-4A78-A183-CCDE3B338EB2}"
EndProject
Global
	GlobalSection(SolutionConfigurationPlatforms) = preSolution
		Debug|Any CPU = Debug|Any CPU
		Release|Any CPU = Release|Any CPU
	EndGlobalSection
	GlobalSection(ProjectConfigurationPlatforms) = postSolution
		{67C0407E-5092-4E1B-B0A6-593EF835846C}.Debug|Any CPU.ActiveCfg = Debug|Any CPU
		{67C0407E-5092-4E1B-B0A6-593EF835846C}.Debug|Any CPU.Build.0 = Debug|Any CPU
		{67C0407E-5092-4E1B-B0A6-593EF835846C}.Release|Any CPU.ActiveCfg = Release|Any CPU
		{67C0407E-5092-4E1B-B0A6-593EF835846C}.Release|Any CPU.Build.0 = Release|Any CPU
		{5DEC5C12-B2CC-4A78-A183-CCDE3B338EB2}.Debug|Any CPU.ActiveCfg = Debug|Any CPU
		{5DEC5C12-B2CC-4A78-A183-CCDE3B338EB2}.Debug|Any CPU.Build.0 = Debug|Any CPU
		{5DEC5C12-B2CC-4A78-A183-CCDE3B338EB2}.Release|Any CPU.ActiveCfg = Release|Any CPU
		{5DEC5C12-B2CC-4A78-A183-CCDE3B338EB2}.Release|Any CPU.Build.0 = Release|Any CPU
	EndGlobalSection
	GlobalSection(SolutionProperties) = preSolution
		HideSolutionNode = FALSE
	EndGlobalSection
	GlobalSection(ExtensibilityGlobals) = postSolution
		SolutionGuid = {E0E70557-44DF-48F6-9FC7-2792A6173BBE}
	EndGlobalSection
EndGlobal
